
Microsoft Visual Studio Solution File, Format Version 12.00
# Visual Studio Version 17
VisualStudioVersion = 17.0.31903.59
MinimumVisualStudioVersion = 10.0.40219.1
Project("{9A19103F-16F7-4668-BE54-9A1E7A4F7556}") = "ConsoleAppLibraryV1", "ConsoleAppLibraryV1\ConsoleAppLibraryV1.csproj", "{119D1EC8-64EF-468F-8FC7-C52B0BAA1D0A}"
EndProject
Global
	GlobalSection(SolutionConfigurationPlatforms) = preSolution
		Debug|Any CPU = Debug|Any CPU
		Release|Any CPU = Release|Any CPU
	EndGlobalSection
	GlobalSection(ProjectConfigurationPlatforms) = postSolution
		{119D1EC8-64EF-468F-8FC7-C52B0BAA1D0A}.Debug|Any CPU.ActiveCfg = Debug|Any CPU
		{119D1EC8-64EF-468F-8FC7-C52B0BAA1D0A}.Debug|Any CPU.Build.0 = Debug|Any CPU
		{119D1EC8-64EF-468F-8FC7-C52B0BAA1D0A}.Release|Any CPU.ActiveCfg = Release|Any CPU
		{119D1EC8-64EF-468F-8FC7-C52B0BAA1D0A}.Release|Any CPU.Build.0 = Release|Any CPU
	EndGlobalSection
	GlobalSection(SolutionProperties) = preSolution
		HideSolutionNode = FALSE
	EndGlobalSection
	GlobalSection(ExtensibilityGlobals) = postSolution
		SolutionGuid = {2C84F5E7-A6BA-4452-8BCD-103ADF0D6BA6}
	EndGlobalSection
EndGlobal
